{
  "name": "stockserver",
  "version": "0.0.1",
  "lockfileVersion": 2,
  "requires": true,
  "packages": {
    "": {
      "name": "stockserver",
      "version": "0.0.1",
      "license": "ISC",
      "dependencies": {
        "seedrandom": "^3.0.5",
        "stochastic": "^0.0.14"
      }
    },
    "node_modules/seedrandom": {
      "version": "3.0.5",
      "resolved": "https://registry.npmjs.org/seedrandom/-/seedrandom-3.0.5.tgz",
      "integrity": "sha512-8OwmbklUNzwezjGInmZ+2clQmExQPvomqjL7LFqOYqtmuxRgQYqOD3mHaU+MvZn5FLUeVxVfQjwLZW/n/JFuqg=="
    },
    "node_modules/stochastic": {
      "version": "0.0.14",
      "resolved": "https://registry.npmjs.org/stochastic/-/stochastic-0.0.14.tgz",
      "integrity": "sha512-Fmqw54Kow7ifMlU+CutWppy8jHhrBQMA1eG3gK94FUkwftrRS48qUtZ7m0hXlDAlG8u8DSWjIkPsRscl8AP7LA=="
    }
  },
  "dependencies": {
    "seedrandom": {
      "version": "3.0.5",
      "resolved": "https://registry.npmjs.org/seedrandom/-/seedrandom-3.0.5.tgz",
      "integrity": "sha512-8OwmbklUNzwezjGInmZ+2clQmExQPvomqjL7LFqOYqtmuxRgQYqOD3mHaU+MvZn5FLUeVxVfQjwLZW/n/JFuqg=="
    },
    "stochastic": {
      "version": "0.0.14",
      "resolved": "https://registry.npmjs.org/stochastic/-/stochastic-0.0.14.tgz",
      "integrity": "sha512-Fmqw54Kow7ifMlU+CutWppy8jHhrBQMA1eG3gK94FUkwftrRS48qUtZ7m0hXlDAlG8u8DSWjIkPsRscl8AP7LA=="
    }
  }
}
